// !$*UTF8*$!
{
	archiveVersion = 1;
	classes = {
	};
	objectVersion = 46;
	objects = {

/* Begin PBXBuildFile section */
		C62360881D2CDF4500C15191 /* UIImage+DSImageColor.m in Sources */ = {isa = PBXBuildFile; fileRef = C62360861D2CDF4500C15191 /* UIImage+DSImageColor.m */; };
		C623608E1D2CE16F00C15191 /* NSMutableArray+DSSort.m in Sources */ = {isa = PBXBuildFile; fileRef = C623608C1D2CE16F00C15191 /* NSMutableArray+DSSort.m */; };
		C62406B51D2F4ED10029E49C /* DSAuthority.m in Sources */ = {isa = PBXBuildFile; fileRef = C62406B41D2F4ED10029E49C /* DSAuthority.m */; };
		C62406BC1D2FA1D50029E49C /* DSFileManager.m in Sources */ = {isa = PBXBuildFile; fileRef = C62406BB1D2FA1D50029E49C /* DSFileManager.m */; };
		C62406BF1D2FA6430029E49C /* DSAnimation.m in Sources */ = {isa = PBXBuildFile; fileRef = C62406BE1D2FA6430029E49C /* DSAnimation.m */; };
		C627F8511D2CB69A00210620 /* UIImage+DSColorImage.m in Sources */ = {isa = PBXBuildFile; fileRef = C627F8501D2CB69A00210620 /* UIImage+DSColorImage.m */; };
		C629C51D1D645971000B314A /* DSBaseNavigationController.m in Sources */ = {isa = PBXBuildFile; fileRef = C629C51C1D645971000B314A /* DSBaseNavigationController.m */; };
		C629C5201D6459FD000B314A /* DSBaseTabBarController.m in Sources */ = {isa = PBXBuildFile; fileRef = C629C51F1D6459FD000B314A /* DSBaseTabBarController.m */; };
		C638C2401CB53FB5000B452C /* NSString+DSURLString.m in Sources */ = {isa = PBXBuildFile; fileRef = C638C23F1CB53FB5000B452C /* NSString+DSURLString.m */; };
		C63A36791D52DADB00B62E0F /* DSShareView.m in Sources */ = {isa = PBXBuildFile; fileRef = C63A36781D52DADB00B62E0F /* DSShareView.m */; };
		C654B2A61D6E9F960011E9FB /* AppDelegate+DSAppDelegate.m in Sources */ = {isa = PBXBuildFile; fileRef = C654B2A51D6E9F960011E9FB /* AppDelegate+DSAppDelegate.m */; };
		C654B2B71D6ECA4F0011E9FB /* DSBaseDataModel.m in Sources */ = {isa = PBXBuildFile; fileRef = C654B2B61D6ECA4F0011E9FB /* DSBaseDataModel.m */; };
		C65CAE171D2E096F00AFEB6F /* DSRequest.m in Sources */ = {isa = PBXBuildFile; fileRef = C65CAE161D2E096F00AFEB6F /* DSRequest.m */; };
		C65CAE1B1D2E098400AFEB6F /* DSResponse.m in Sources */ = {isa = PBXBuildFile; fileRef = C65CAE191D2E098400AFEB6F /* DSResponse.m */; };
		C65CAE251D2E332B00AFEB6F /* DSHTTPRequest.m in Sources */ = {isa = PBXBuildFile; fileRef = C65CAE231D2E332B00AFEB6F /* DSHTTPRequest.m */; };
		C67656AF1D92255000C78814 /* DSTest.c in Sources */ = {isa = PBXBuildFile; fileRef = C67656AD1D92255000C78814 /* DSTest.c */; };
		C6766DD31D4853FD004BDDE5 /* DSAttribuateLabel.m in Sources */ = {isa = PBXBuildFile; fileRef = C6766DD21D4853FD004BDDE5 /* DSAttribuateLabel.m */; };
		C6D703C41C92AC0200F9375D /* main.m in Sources */ = {isa = PBXBuildFile; fileRef = C6D703C31C92AC0200F9375D /* main.m */; };
		C6D703C71C92AC0200F9375D /* AppDelegate.m in Sources */ = {isa = PBXBuildFile; fileRef = C6D703C61C92AC0200F9375D /* AppDelegate.m */; };
		C6D703CA1C92AC0200F9375D /* ViewController.m in Sources */ = {isa = PBXBuildFile; fileRef = C6D703C91C92AC0200F9375D /* ViewController.m */; };
		C6D703CD1C92AC0200F9375D /* Main.storyboard in Resources */ = {isa = PBXBuildFile; fileRef = C6D703CB1C92AC0200F9375D /* Main.storyboard */; };
		C6D703CF1C92AC0200F9375D /* Assets.xcassets in Resources */ = {isa = PBXBuildFile; fileRef = C6D703CE1C92AC0200F9375D /* Assets.xcassets */; };
		C6D703D21C92AC0300F9375D /* LaunchScreen.storyboard in Resources */ = {isa = PBXBuildFile; fileRef = C6D703D01C92AC0300F9375D /* LaunchScreen.storyboard */; };
		C6F666B21CA7BBBD000478C7 /* DSBaseViewController.m in Sources */ = {isa = PBXBuildFile; fileRef = C6F666AF1CA7BBBD000478C7 /* DSBaseViewController.m */; };
		C6F666BF1CA7BBE5000478C7 /* DSDevice.m in Sources */ = {isa = PBXBuildFile; fileRef = C6F666B41CA7BBE5000478C7 /* DSDevice.m */; };
		C6F666C11CA7BBE5000478C7 /* NSString+DSEncrypt.m in Sources */ = {isa = PBXBuildFile; fileRef = C6F666B61CA7BBE5000478C7 /* NSString+DSEncrypt.m */; };
		C6F666C31CA7BBE5000478C7 /* NSString+DSPredicate.m in Sources */ = {isa = PBXBuildFile; fileRef = C6F666B81CA7BBE5000478C7 /* NSString+DSPredicate.m */; };
		C6F666C51CA7BBE5000478C7 /* UIColor+DSHexColor.m in Sources */ = {isa = PBXBuildFile; fileRef = C6F666BA1CA7BBE5000478C7 /* UIColor+DSHexColor.m */; };
		C6F666C71CA7BBE5000478C7 /* UIScreen+DSScreenSize.m in Sources */ = {isa = PBXBuildFile; fileRef = C6F666BC1CA7BBE5000478C7 /* UIScreen+DSScreenSize.m */; };
		C6F666C91CA7BBE5000478C7 /* UIView+DSCapture.m in Sources */ = {isa = PBXBuildFile; fileRef = C6F666BE1CA7BBE5000478C7 /* UIView+DSCapture.m */; };
		C6F8A9931D90D85700E2015A /* test.jpg in Resources */ = {isa = PBXBuildFile; fileRef = C6F8A9921D90D85700E2015A /* test.jpg */; };
		C6F8A9951D90DBD100E2015A /* one.jpg in Resources */ = {isa = PBXBuildFile; fileRef = C6F8A9941D90DBD100E2015A /* one.jpg */; };
		C6F8A9981D90DDEB00E2015A /* UIImage+DSBlurImage.m in Sources */ = {isa = PBXBuildFile; fileRef = C6F8A9971D90DDEB00E2015A /* UIImage+DSBlurImage.m */; };
		C6F8A99B1D90FFF500E2015A /* UIView+DSQRCode.m in Sources */ = {isa = PBXBuildFile; fileRef = C6F8A99A1D90FFF500E2015A /* UIView+DSQRCode.m */; };
		FD19D96AFE98C3EDD2142D68 /* libPods-DSCommon.a in Frameworks */ = {isa = PBXBuildFile; fileRef = C7885AB03F8805E00BEB62E5 /* libPods-DSCommon.a */; };
/* End PBXBuildFile section */

/* Begin PBXCopyFilesBuildPhase section */
		C6F666FF1CA7BEFB000478C7 /* Embed Frameworks */ = {
			isa = PBXCopyFilesBuildPhase;
			buildActionMask = 2147483647;
			dstPath = "";
			dstSubfolderSpec = 10;
			files = (
			);
			name = "Embed Frameworks";
			runOnlyForDeploymentPostprocessing = 0;
		};
/* End PBXCopyFilesBuildPhase section */

/* Begin PBXFileReference section */
		14A5BC22798E291B3F402D36 /* Pods-DSCommon.debug.xcconfig */ = {isa = PBXFileReference; includeInIndex = 1; lastKnownFileType = text.xcconfig; name = "Pods-DSCommon.debug.xcconfig"; path = "Pods/Target Support Files/Pods-DSCommon/Pods-DSCommon.debug.xcconfig"; sourceTree = "<group>"; };
		C62360851D2CDF4500C15191 /* UIImage+DSImageColor.h */ = {isa = PBXFileReference; fileEncoding = 4; lastKnownFileType = sourcecode.c.h; path = "UIImage+DSImageColor.h"; sourceTree = "<group>"; };
		C62360861D2CDF4500C15191 /* UIImage+DSImageColor.m */ = {isa = PBXFileReference; fileEncoding = 4; lastKnownFileType = sourcecode.c.objc; path = "UIImage+DSImageColor.m"; sourceTree = "<group>"; };
		C623608B1D2CE16F00C15191 /* NSMutableArray+DSSort.h */ = {isa = PBXFileReference; fileEncoding = 4; lastKnownFileType = sourcecode.c.h; path = "NSMutableArray+DSSort.h"; sourceTree = "<group>"; };
		C623608C1D2CE16F00C15191 /* NSMutableArray+DSSort.m */ = {isa = PBXFileReference; fileEncoding = 4; lastKnownFileType = sourcecode.c.objc; path = "NSMutableArray+DSSort.m"; sourceTree = "<group>"; };
		C62360911D2CE7A500C15191 /* DSMacro.h */ = {isa = PBXFileReference; lastKnownFileType = sourcecode.c.h; path = DSMacro.h; sourceTree = "<group>"; };
		C62406B31D2F4ED10029E49C /* DSAuthority.h */ = {isa = PBXFileReference; fileEncoding = 4; lastKnownFileType = sourcecode.c.h; path = DSAuthority.h; sourceTree = "<group>"; };
		C62406B41D2F4ED10029E49C /* DSAuthority.m */ = {isa = PBXFileReference; fileEncoding = 4; lastKnownFileType = sourcecode.c.objc; path = DSAuthority.m; sourceTree = "<group>"; };
		C62406BA1D2FA1D50029E49C /* DSFileManager.h */ = {isa = PBXFileReference; fileEncoding = 4; lastKnownFileType = sourcecode.c.h; path = DSFileManager.h; sourceTree = "<group>"; };
		C62406BB1D2FA1D50029E49C /* DSFileManager.m */ = {isa = PBXFileReference; fileEncoding = 4; lastKnownFileType = sourcecode.c.objc; path = DSFileManager.m; sourceTree = "<group>"; };
		C62406BD1D2FA6430029E49C /* DSAnimation.h */ = {isa = PBXFileReference; fileEncoding = 4; lastKnownFileType = sourcecode.c.h; path = DSAnimation.h; sourceTree = "<group>"; };
		C62406BE1D2FA6430029E49C /* DSAnimation.m */ = {isa = PBXFileReference; fileEncoding = 4; lastKnownFileType = sourcecode.c.objc; path = DSAnimation.m; sourceTree = "<group>"; };
		C627F84F1D2CB69A00210620 /* UIImage+DSColorImage.h */ = {isa = PBXFileReference; fileEncoding = 4; lastKnownFileType = sourcecode.c.h; path = "UIImage+DSColorImage.h"; sourceTree = "<group>"; };
		C627F8501D2CB69A00210620 /* UIImage+DSColorImage.m */ = {isa = PBXFileReference; fileEncoding = 4; lastKnownFileType = sourcecode.c.objc; path = "UIImage+DSColorImage.m"; sourceTree = "<group>"; };
		C629C51B1D645971000B314A /* DSBaseNavigationController.h */ = {isa = PBXFileReference; fileEncoding = 4; lastKnownFileType = sourcecode.c.h; path = DSBaseNavigationController.h; sourceTree = "<group>"; };
		C629C51C1D645971000B314A /* DSBaseNavigationController.m */ = {isa = PBXFileReference; fileEncoding = 4; lastKnownFileType = sourcecode.c.objc; path = DSBaseNavigationController.m; sourceTree = "<group>"; };
		C629C51E1D6459FD000B314A /* DSBaseTabBarController.h */ = {isa = PBXFileReference; fileEncoding = 4; lastKnownFileType = sourcecode.c.h; path = DSBaseTabBarController.h; sourceTree = "<group>"; };
		C629C51F1D6459FD000B314A /* DSBaseTabBarController.m */ = {isa = PBXFileReference; fileEncoding = 4; lastKnownFileType = sourcecode.c.objc; path = DSBaseTabBarController.m; sourceTree = "<group>"; };
		C638C23E1CB53FB5000B452C /* NSString+DSURLString.h */ = {isa = PBXFileReference; fileEncoding = 4; lastKnownFileType = sourcecode.c.h; path = "NSString+DSURLString.h"; sourceTree = "<group>"; };
		C638C23F1CB53FB5000B452C /* NSString+DSURLString.m */ = {isa = PBXFileReference; fileEncoding = 4; lastKnownFileType = sourcecode.c.objc; path = "NSString+DSURLString.m"; sourceTree = "<group>"; };
		C63A36771D52DADB00B62E0F /* DSShareView.h */ = {isa = PBXFileReference; fileEncoding = 4; lastKnownFileType = sourcecode.c.h; path = DSShareView.h; sourceTree = "<group>"; };
		C63A36781D52DADB00B62E0F /* DSShareView.m */ = {isa = PBXFileReference; fileEncoding = 4; lastKnownFileType = sourcecode.c.objc; path = DSShareView.m; sourceTree = "<group>"; };
		C654B2A41D6E9F960011E9FB /* AppDelegate+DSAppDelegate.h */ = {isa = PBXFileReference; fileEncoding = 4; lastKnownFileType = sourcecode.c.h; path = "AppDelegate+DSAppDelegate.h"; sourceTree = "<group>"; };
		C654B2A51D6E9F960011E9FB /* AppDelegate+DSAppDelegate.m */ = {isa = PBXFileReference; fileEncoding = 4; lastKnownFileType = sourcecode.c.objc; path = "AppDelegate+DSAppDelegate.m"; sourceTree = "<group>"; };
		C654B2B51D6ECA4F0011E9FB /* DSBaseDataModel.h */ = {isa = PBXFileReference; fileEncoding = 4; lastKnownFileType = sourcecode.c.h; path = DSBaseDataModel.h; sourceTree = "<group>"; };
		C654B2B61D6ECA4F0011E9FB /* DSBaseDataModel.m */ = {isa = PBXFileReference; fileEncoding = 4; lastKnownFileType = sourcecode.c.objc; path = DSBaseDataModel.m; sourceTree = "<group>"; };
		C65CAE151D2E096F00AFEB6F /* DSRequest.h */ = {isa = PBXFileReference; fileEncoding = 4; lastKnownFileType = sourcecode.c.h; path = DSRequest.h; sourceTree = "<group>"; };
		C65CAE161D2E096F00AFEB6F /* DSRequest.m */ = {isa = PBXFileReference; fileEncoding = 4; lastKnownFileType = sourcecode.c.objc; path = DSRequest.m; sourceTree = "<group>"; };
		C65CAE181D2E098400AFEB6F /* DSResponse.h */ = {isa = PBXFileReference; fileEncoding = 4; lastKnownFileType = sourcecode.c.h; path = DSResponse.h; sourceTree = "<group>"; };
		C65CAE191D2E098400AFEB6F /* DSResponse.m */ = {isa = PBXFileReference; fileEncoding = 4; lastKnownFileType = sourcecode.c.objc; path = DSResponse.m; sourceTree = "<group>"; };
		C65CAE221D2E332B00AFEB6F /* DSHTTPRequest.h */ = {isa = PBXFileReference; fileEncoding = 4; lastKnownFileType = sourcecode.c.h; path = DSHTTPRequest.h; sourceTree = "<group>"; };
		C65CAE231D2E332B00AFEB6F /* DSHTTPRequest.m */ = {isa = PBXFileReference; fileEncoding = 4; lastKnownFileType = sourcecode.c.objc; path = DSHTTPRequest.m; sourceTree = "<group>"; };
		C67656AD1D92255000C78814 /* DSTest.c */ = {isa = PBXFileReference; fileEncoding = 4; lastKnownFileType = sourcecode.c.c; path = DSTest.c; sourceTree = "<group>"; };
		C67656AE1D92255000C78814 /* DSTest.h */ = {isa = PBXFileReference; fileEncoding = 4; lastKnownFileType = sourcecode.c.h; path = DSTest.h; sourceTree = "<group>"; };
		C6766DD11D4853FD004BDDE5 /* DSAttribuateLabel.h */ = {isa = PBXFileReference; fileEncoding = 4; lastKnownFileType = sourcecode.c.h; path = DSAttribuateLabel.h; sourceTree = "<group>"; };
		C6766DD21D4853FD004BDDE5 /* DSAttribuateLabel.m */ = {isa = PBXFileReference; fileEncoding = 4; lastKnownFileType = sourcecode.c.objc; path = DSAttribuateLabel.m; sourceTree = "<group>"; };
		C6D703BF1C92AC0200F9375D /* DSCommon.app */ = {isa = PBXFileReference; explicitFileType = wrapper.application; includeInIndex = 0; path = DSCommon.app; sourceTree = BUILT_PRODUCTS_DIR; };
		C6D703C31C92AC0200F9375D /* main.m */ = {isa = PBXFileReference; lastKnownFileType = sourcecode.c.objc; path = main.m; sourceTree = "<group>"; };
		C6D703C51C92AC0200F9375D /* AppDelegate.h */ = {isa = PBXFileReference; lastKnownFileType = sourcecode.c.h; path = AppDelegate.h; sourceTree = "<group>"; };
		C6D703C61C92AC0200F9375D /* AppDelegate.m */ = {isa = PBXFileReference; lastKnownFileType = sourcecode.c.objc; path = AppDelegate.m; sourceTree = "<group>"; };
		C6D703C81C92AC0200F9375D /* ViewController.h */ = {isa = PBXFileReference; lastKnownFileType = sourcecode.c.h; path = ViewController.h; sourceTree = "<group>"; };
		C6D703C91C92AC0200F9375D /* ViewController.m */ = {isa = PBXFileReference; lastKnownFileType = sourcecode.c.objc; path = ViewController.m; sourceTree = "<group>"; };
		C6D703CC1C92AC0200F9375D /* Base */ = {isa = PBXFileReference; lastKnownFileType = file.storyboard; name = Base; path = Base.lproj/Main.storyboard; sourceTree = "<group>"; };
		C6D703CE1C92AC0200F9375D /* Assets.xcassets */ = {isa = PBXFileReference; lastKnownFileType = folder.assetcatalog; path = Assets.xcassets; sourceTree = "<group>"; };
		C6D703D11C92AC0300F9375D /* Base */ = {isa = PBXFileReference; lastKnownFileType = file.storyboard; name = Base; path = Base.lproj/LaunchScreen.storyboard; sourceTree = "<group>"; };
		C6D703D31C92AC0300F9375D /* Info.plist */ = {isa = PBXFileReference; lastKnownFileType = text.plist.xml; path = Info.plist; sourceTree = "<group>"; };
		C6F666AE1CA7BBBD000478C7 /* DSBaseViewController.h */ = {isa = PBXFileReference; fileEncoding = 4; lastKnownFileType = sourcecode.c.h; name = DSBaseViewController.h; path = DSCommon/DSBaseViewController.h; sourceTree = "<group>"; };
		C6F666AF1CA7BBBD000478C7 /* DSBaseViewController.m */ = {isa = PBXFileReference; fileEncoding = 4; lastKnownFileType = sourcecode.c.objc; name = DSBaseViewController.m; path = DSCommon/DSBaseViewController.m; sourceTree = "<group>"; };
		C6F666B01CA7BBBD000478C7 /* DSCommon.h */ = {isa = PBXFileReference; fileEncoding = 4; lastKnownFileType = sourcecode.c.h; name = DSCommon.h; path = DSCommon/DSCommon.h; sourceTree = "<group>"; };
		C6F666B11CA7BBBD000478C7 /* DSDevice.h */ = {isa = PBXFileReference; fileEncoding = 4; lastKnownFileType = sourcecode.c.h; name = DSDevice.h; path = DSCommon/DSDevice.h; sourceTree = "<group>"; };
		C6F666B41CA7BBE5000478C7 /* DSDevice.m */ = {isa = PBXFileReference; fileEncoding = 4; lastKnownFileType = sourcecode.c.objc; name = DSDevice.m; path = DSCommon/DSDevice.m; sourceTree = "<group>"; };
		C6F666B51CA7BBE5000478C7 /* NSString+DSEncrypt.h */ = {isa = PBXFileReference; fileEncoding = 4; lastKnownFileType = sourcecode.c.h; name = "NSString+DSEncrypt.h"; path = "DSCommon/NSString+DSEncrypt.h"; sourceTree = "<group>"; };
		C6F666B61CA7BBE5000478C7 /* NSString+DSEncrypt.m */ = {isa = PBXFileReference; fileEncoding = 4; lastKnownFileType = sourcecode.c.objc; name = "NSString+DSEncrypt.m"; path = "DSCommon/NSString+DSEncrypt.m"; sourceTree = "<group>"; };
		C6F666B71CA7BBE5000478C7 /* NSString+DSPredicate.h */ = {isa = PBXFileReference; fileEncoding = 4; lastKnownFileType = sourcecode.c.h; name = "NSString+DSPredicate.h"; path = "DSCommon/NSString+DSPredicate.h"; sourceTree = "<group>"; };
		C6F666B81CA7BBE5000478C7 /* NSString+DSPredicate.m */ = {isa = PBXFileReference; fileEncoding = 4; lastKnownFileType = sourcecode.c.objc; name = "NSString+DSPredicate.m"; path = "DSCommon/NSString+DSPredicate.m"; sourceTree = "<group>"; };
		C6F666B91CA7BBE5000478C7 /* UIColor+DSHexColor.h */ = {isa = PBXFileReference; fileEncoding = 4; lastKnownFileType = sourcecode.c.h; name = "UIColor+DSHexColor.h"; path = "DSCommon/UIColor+DSHexColor.h"; sourceTree = "<group>"; };
		C6F666BA1CA7BBE5000478C7 /* UIColor+DSHexColor.m */ = {isa = PBXFileReference; fileEncoding = 4; lastKnownFileType = sourcecode.c.objc; name = "UIColor+DSHexColor.m"; path = "DSCommon/UIColor+DSHexColor.m"; sourceTree = "<group>"; };
		C6F666BB1CA7BBE5000478C7 /* UIScreen+DSScreenSize.h */ = {isa = PBXFileReference; fileEncoding = 4; lastKnownFileType = sourcecode.c.h; path = "UIScreen+DSScreenSize.h"; sourceTree = "<group>"; };
		C6F666BC1CA7BBE5000478C7 /* UIScreen+DSScreenSize.m */ = {isa = PBXFileReference; fileEncoding = 4; lastKnownFileType = sourcecode.c.objc; path = "UIScreen+DSScreenSize.m"; sourceTree = "<group>"; };
		C6F666BD1CA7BBE5000478C7 /* UIView+DSCapture.h */ = {isa = PBXFileReference; fileEncoding = 4; lastKnownFileType = sourcecode.c.h; name = "UIView+DSCapture.h"; path = "DSCommon/UIView+DSCapture.h"; sourceTree = "<group>"; };
		C6F666BE1CA7BBE5000478C7 /* UIView+DSCapture.m */ = {isa = PBXFileReference; fileEncoding = 4; lastKnownFileType = sourcecode.c.objc; name = "UIView+DSCapture.m"; path = "DSCommon/UIView+DSCapture.m"; sourceTree = "<group>"; };
		C6F8A9921D90D85700E2015A /* test.jpg */ = {isa = PBXFileReference; lastKnownFileType = image.jpeg; path = test.jpg; sourceTree = "<group>"; };
		C6F8A9941D90DBD100E2015A /* one.jpg */ = {isa = PBXFileReference; lastKnownFileType = image.jpeg; path = one.jpg; sourceTree = "<group>"; };
		C6F8A9961D90DDEB00E2015A /* UIImage+DSBlurImage.h */ = {isa = PBXFileReference; fileEncoding = 4; lastKnownFileType = sourcecode.c.h; path = "UIImage+DSBlurImage.h"; sourceTree = "<group>"; };
		C6F8A9971D90DDEB00E2015A /* UIImage+DSBlurImage.m */ = {isa = PBXFileReference; fileEncoding = 4; lastKnownFileType = sourcecode.c.objc; path = "UIImage+DSBlurImage.m"; sourceTree = "<group>"; };
		C6F8A9991D90FFF500E2015A /* UIView+DSQRCode.h */ = {isa = PBXFileReference; fileEncoding = 4; lastKnownFileType = sourcecode.c.h; path = "UIView+DSQRCode.h"; sourceTree = "<group>"; };
		C6F8A99A1D90FFF500E2015A /* UIView+DSQRCode.m */ = {isa = PBXFileReference; fileEncoding = 4; lastKnownFileType = sourcecode.c.objc; path = "UIView+DSQRCode.m"; sourceTree = "<group>"; };
		C7885AB03F8805E00BEB62E5 /* libPods-DSCommon.a */ = {isa = PBXFileReference; explicitFileType = archive.ar; includeInIndex = 0; path = "libPods-DSCommon.a"; sourceTree = BUILT_PRODUCTS_DIR; };
		FAFF888257D69539275FF56D /* Pods-DSCommon.release.xcconfig */ = {isa = PBXFileReference; includeInIndex = 1; lastKnownFileType = text.xcconfig; name = "Pods-DSCommon.release.xcconfig"; path = "Pods/Target Support Files/Pods-DSCommon/Pods-DSCommon.release.xcconfig"; sourceTree = "<group>"; };
/* End PBXFileReference section */

/* Begin PBXFrameworksBuildPhase section */
		C6D703BC1C92AC0200F9375D /* Frameworks */ = {
			isa = PBXFrameworksBuildPhase;
			buildActionMask = 2147483647;
			files = (
				FD19D96AFE98C3EDD2142D68 /* libPods-DSCommon.a in Frameworks */,
			);
			runOnlyForDeploymentPostprocessing = 0;
		};
/* End PBXFrameworksBuildPhase section */

/* Begin PBXGroup section */
		0164DE844837C83459343703 /* Pods */ = {
			isa = PBXGroup;
			children = (
				14A5BC22798E291B3F402D36 /* Pods-DSCommon.debug.xcconfig */,
				FAFF888257D69539275FF56D /* Pods-DSCommon.release.xcconfig */,
			);
			name = Pods;
			sourceTree = "<group>";
		};
		B74DFFA9A70A6FADA1D69C2C /* Frameworks */ = {
			isa = PBXGroup;
			children = (
				C7885AB03F8805E00BEB62E5 /* libPods-DSCommon.a */,
			);
			name = Frameworks;
			sourceTree = "<group>";
		};
		C63A36761D52DAC700B62E0F /* 分享 */ = {
			isa = PBXGroup;
			children = (
				C63A36771D52DADB00B62E0F /* DSShareView.h */,
				C63A36781D52DADB00B62E0F /* DSShareView.m */,
			);
			name = "分享";
			sourceTree = "<group>";
		};
		C654B2A71D6E9FAC0011E9FB /* 转场动画 */ = {
			isa = PBXGroup;
			children = (
				C62406BD1D2FA6430029E49C /* DSAnimation.h */,
				C62406BE1D2FA6430029E49C /* DSAnimation.m */,
			);
			name = "转场动画";
			sourceTree = "<group>";
		};
		C654B2A81D6E9FBF0011E9FB /* 设备信息 */ = {
			isa = PBXGroup;
			children = (
				C6F666B11CA7BBBD000478C7 /* DSDevice.h */,
				C6F666B41CA7BBE5000478C7 /* DSDevice.m */,
			);
			name = "设备信息";
			sourceTree = "<group>";
		};
		C654B2A91D6E9FCE0011E9FB /* 文件处理 */ = {
			isa = PBXGroup;
			children = (
				C62406BA1D2FA1D50029E49C /* DSFileManager.h */,
				C62406BB1D2FA1D50029E49C /* DSFileManager.m */,
			);
			name = "文件处理";
			sourceTree = "<group>";
		};
		C654B2AA1D6E9FD90011E9FB /* 系统权限 */ = {
			isa = PBXGroup;
			children = (
				C62406B31D2F4ED10029E49C /* DSAuthority.h */,
				C62406B41D2F4ED10029E49C /* DSAuthority.m */,
			);
			name = "系统权限";
			sourceTree = "<group>";
		};
		C654B2AB1D6E9FEB0011E9FB /* 富文本 */ = {
			isa = PBXGroup;
			children = (
				C6766DD11D4853FD004BDDE5 /* DSAttribuateLabel.h */,
				C6766DD21D4853FD004BDDE5 /* DSAttribuateLabel.m */,
			);
			name = "富文本";
			sourceTree = "<group>";
		};
		C654B2AC1D6EA0010011E9FB /* 基类 */ = {
			isa = PBXGroup;
			children = (
				C6F666AE1CA7BBBD000478C7 /* DSBaseViewController.h */,
				C6F666AF1CA7BBBD000478C7 /* DSBaseViewController.m */,
				C629C51B1D645971000B314A /* DSBaseNavigationController.h */,
				C629C51C1D645971000B314A /* DSBaseNavigationController.m */,
				C629C51E1D6459FD000B314A /* DSBaseTabBarController.h */,
				C629C51F1D6459FD000B314A /* DSBaseTabBarController.m */,
			);
			name = "基类";
			sourceTree = "<group>";
		};
		C654B2AD1D6EA0880011E9FB /* 字符串 */ = {
			isa = PBXGroup;
			children = (
				C638C23E1CB53FB5000B452C /* NSString+DSURLString.h */,
				C638C23F1CB53FB5000B452C /* NSString+DSURLString.m */,
				C6F666B51CA7BBE5000478C7 /* NSString+DSEncrypt.h */,
				C6F666B61CA7BBE5000478C7 /* NSString+DSEncrypt.m */,
				C6F666B71CA7BBE5000478C7 /* NSString+DSPredicate.h */,
				C6F666B81CA7BBE5000478C7 /* NSString+DSPredicate.m */,
			);
			name = "字符串";
			sourceTree = "<group>";
		};
		C654B2AE1D6EA0990011E9FB /* 图片处理 */ = {
			isa = PBXGroup;
			children = (
				C62360851D2CDF4500C15191 /* UIImage+DSImageColor.h */,
				C62360861D2CDF4500C15191 /* UIImage+DSImageColor.m */,
				C627F84F1D2CB69A00210620 /* UIImage+DSColorImage.h */,
				C627F8501D2CB69A00210620 /* UIImage+DSColorImage.m */,
				C6F8A9961D90DDEB00E2015A /* UIImage+DSBlurImage.h */,
				C6F8A9971D90DDEB00E2015A /* UIImage+DSBlurImage.m */,
			);
			name = "图片处理";
			sourceTree = "<group>";
		};
		C654B2AF1D6EBFE80011E9FB /* 色值 */ = {
			isa = PBXGroup;
			children = (
				C6F666B91CA7BBE5000478C7 /* UIColor+DSHexColor.h */,
				C6F666BA1CA7BBE5000478C7 /* UIColor+DSHexColor.m */,
			);
			name = "色值";
			sourceTree = "<group>";
		};
		C654B2B11D6EC0030011E9FB /* 数组 */ = {
			isa = PBXGroup;
			children = (
				C623608B1D2CE16F00C15191 /* NSMutableArray+DSSort.h */,
				C623608C1D2CE16F00C15191 /* NSMutableArray+DSSort.m */,
			);
			name = "数组";
			sourceTree = "<group>";
		};
		C654B2B21D6EC00B0011E9FB /* UIView */ = {
			isa = PBXGroup;
			children = (
				C6F666BD1CA7BBE5000478C7 /* UIView+DSCapture.h */,
				C6F666BE1CA7BBE5000478C7 /* UIView+DSCapture.m */,
				C6F8A9991D90FFF500E2015A /* UIView+DSQRCode.h */,
				C6F8A99A1D90FFF500E2015A /* UIView+DSQRCode.m */,
			);
			name = UIView;
			sourceTree = "<group>";
		};
		C654B2B31D6EC01D0011E9FB /* 适配 */ = {
			isa = PBXGroup;
			children = (
				C6F666BB1CA7BBE5000478C7 /* UIScreen+DSScreenSize.h */,
				C6F666BC1CA7BBE5000478C7 /* UIScreen+DSScreenSize.m */,
			);
			name = "适配";
			path = DSCommon;
			sourceTree = "<group>";
		};
		C654B2B41D6ECA350011E9FB /* 数据模型 */ = {
			isa = PBXGroup;
			children = (
				C654B2B51D6ECA4F0011E9FB /* DSBaseDataModel.h */,
				C654B2B61D6ECA4F0011E9FB /* DSBaseDataModel.m */,
			);
			name = "数据模型";
			sourceTree = "<group>";
		};
		C65CAE281D2E333B00AFEB6F /* HTTP */ = {
			isa = PBXGroup;
			children = (
				C65CAE221D2E332B00AFEB6F /* DSHTTPRequest.h */,
				C65CAE231D2E332B00AFEB6F /* DSHTTPRequest.m */,
				C65CAE151D2E096F00AFEB6F /* DSRequest.h */,
				C65CAE161D2E096F00AFEB6F /* DSRequest.m */,
				C65CAE181D2E098400AFEB6F /* DSResponse.h */,
				C65CAE191D2E098400AFEB6F /* DSResponse.m */,
			);
			name = HTTP;
			sourceTree = "<group>";
		};
		C6D703B61C92AC0200F9375D = {
			isa = PBXGroup;
			children = (
				C6D703C11C92AC0200F9375D /* DSCommon */,
				C6D703C01C92AC0200F9375D /* Products */,
				0164DE844837C83459343703 /* Pods */,
				B74DFFA9A70A6FADA1D69C2C /* Frameworks */,
			);
			sourceTree = "<group>";
		};
		C6D703C01C92AC0200F9375D /* Products */ = {
			isa = PBXGroup;
			children = (
				C6D703BF1C92AC0200F9375D /* DSCommon.app */,
			);
			name = Products;
			sourceTree = "<group>";
		};
		C6D703C11C92AC0200F9375D /* DSCommon */ = {
			isa = PBXGroup;
			children = (
				C6F8A9921D90D85700E2015A /* test.jpg */,
				C6F8A9941D90DBD100E2015A /* one.jpg */,
				C6F666AD1CA7BB8D000478C7 /* Classes */,
				C6D703C51C92AC0200F9375D /* AppDelegate.h */,
				C6D703C61C92AC0200F9375D /* AppDelegate.m */,
				C6D703C81C92AC0200F9375D /* ViewController.h */,
				C6D703C91C92AC0200F9375D /* ViewController.m */,
				C67656AD1D92255000C78814 /* DSTest.c */,
				C67656AE1D92255000C78814 /* DSTest.h */,
				C6D703CB1C92AC0200F9375D /* Main.storyboard */,
				C6D703CE1C92AC0200F9375D /* Assets.xcassets */,
				C6D703D01C92AC0300F9375D /* LaunchScreen.storyboard */,
				C6D703D31C92AC0300F9375D /* Info.plist */,
				C6D703C21C92AC0200F9375D /* Supporting Files */,
			);
			path = DSCommon;
			sourceTree = "<group>";
		};
		C6D703C21C92AC0200F9375D /* Supporting Files */ = {
			isa = PBXGroup;
			children = (
				C6D703C31C92AC0200F9375D /* main.m */,
			);
			name = "Supporting Files";
			sourceTree = "<group>";
		};
		C6F666AD1CA7BB8D000478C7 /* Classes */ = {
			isa = PBXGroup;
			children = (
				C654B2A41D6E9F960011E9FB /* AppDelegate+DSAppDelegate.h */,
				C654B2A51D6E9F960011E9FB /* AppDelegate+DSAppDelegate.m */,
				C6F666B01CA7BBBD000478C7 /* DSCommon.h */,
				C62360911D2CE7A500C15191 /* DSMacro.h */,
				C654B2B41D6ECA350011E9FB /* 数据模型 */,
				C654B2AC1D6EA0010011E9FB /* 基类 */,
				C654B2AA1D6E9FD90011E9FB /* 系统权限 */,
				C654B2A91D6E9FCE0011E9FB /* 文件处理 */,
				C654B2A81D6E9FBF0011E9FB /* 设备信息 */,
				C654B2A71D6E9FAC0011E9FB /* 转场动画 */,
				C654B2AB1D6E9FEB0011E9FB /* 富文本 */,
				C63A36761D52DAC700B62E0F /* 分享 */,
				C65CAE281D2E333B00AFEB6F /* HTTP */,
				C654B2AD1D6EA0880011E9FB /* 字符串 */,
				C654B2AE1D6EA0990011E9FB /* 图片处理 */,
				C654B2AF1D6EBFE80011E9FB /* 色值 */,
				C654B2B21D6EC00B0011E9FB /* UIView */,
				C654B2B31D6EC01D0011E9FB /* 适配 */,
				C654B2B11D6EC0030011E9FB /* 数组 */,
			);
			name = Classes;
			path = ..;
			sourceTree = "<group>";
		};
/* End PBXGroup section */

/* Begin PBXNativeTarget section */
		C6D703BE1C92AC0200F9375D /* DSCommon */ = {
			isa = PBXNativeTarget;
			buildConfigurationList = C6D703D61C92AC0300F9375D /* Build configuration list for PBXNativeTarget "DSCommon" */;
			buildPhases = (
				C437176B522794C058D78DD3 /* 📦 Check Pods Manifest.lock */,
				C6D703BB1C92AC0200F9375D /* Sources */,
				C6D703BC1C92AC0200F9375D /* Frameworks */,
				C6D703BD1C92AC0200F9375D /* Resources */,
				C6F666FF1CA7BEFB000478C7 /* Embed Frameworks */,
				5A3325951BFB28B69D635CF0 /* 📦 Embed Pods Frameworks */,
				3DBFFD96A2355126BCE6D76E /* 📦 Copy Pods Resources */,
			);
			buildRules = (
			);
			dependencies = (
			);
			name = DSCommon;
			productName = DSCommon;
			productReference = C6D703BF1C92AC0200F9375D /* DSCommon.app */;
			productType = "com.apple.product-type.application";
		};
/* End PBXNativeTarget section */

/* Begin PBXProject section */
		C6D703B71C92AC0200F9375D /* Project object */ = {
			isa = PBXProject;
			attributes = {
				CLASSPREFIX = DS;
				LastUpgradeCheck = 0800;
				ORGANIZATIONNAME = QiujunTech;
				TargetAttributes = {
					C6D703BE1C92AC0200F9375D = {
						CreatedOnToolsVersion = 7.2.1;
						DevelopmentTeam = YKB66Z3T3Q;
					};
				};
			};
			buildConfigurationList = C6D703BA1C92AC0200F9375D /* Build configuration list for PBXProject "DSCommon" */;
			compatibilityVersion = "Xcode 3.2";
			developmentRegion = English;
			hasScannedForEncodings = 0;
			knownRegions = (
				en,
				Base,
			);
			mainGroup = C6D703B61C92AC0200F9375D;
			productRefGroup = C6D703C01C92AC0200F9375D /* Products */;
			projectDirPath = "";
			projectRoot = "";
			targets = (
				C6D703BE1C92AC0200F9375D /* DSCommon */,
			);
		};
/* End PBXProject section */

/* Begin PBXResourcesBuildPhase section */
		C6D703BD1C92AC0200F9375D /* Resources */ = {
			isa = PBXResourcesBuildPhase;
			buildActionMask = 2147483647;
			files = (
				C6D703D21C92AC0300F9375D /* LaunchScreen.storyboard in Resources */,
				C6F8A9951D90DBD100E2015A /* one.jpg in Resources */,
				C6D703CF1C92AC0200F9375D /* Assets.xcassets in Resources */,
				C6D703CD1C92AC0200F9375D /* Main.storyboard in Resources */,
				C6F8A9931D90D85700E2015A /* test.jpg in Resources */,
			);
			runOnlyForDeploymentPostprocessing = 0;
		};
/* End PBXResourcesBuildPhase section */

/* Begin PBXShellScriptBuildPhase section */
		3DBFFD96A2355126BCE6D76E /* 📦 Copy Pods Resources */ = {
			isa = PBXShellScriptBuildPhase;
			buildActionMask = 2147483647;
			files = (
			);
			inputPaths = (
			);
			name = "📦 Copy Pods Resources";
			outputPaths = (
			);
			runOnlyForDeploymentPostprocessing = 0;
			shellPath = /bin/sh;
			shellScript = "\"${SRCROOT}/Pods/Target Support Files/Pods-DSCommon/Pods-DSCommon-resources.sh\"\n";
			showEnvVarsInLog = 0;
		};
		5A3325951BFB28B69D635CF0 /* 📦 Embed Pods Frameworks */ = {
			isa = PBXShellScriptBuildPhase;
			buildActionMask = 2147483647;
			files = (
			);
			inputPaths = (
			);
			name = "📦 Embed Pods Frameworks";
			outputPaths = (
			);
			runOnlyForDeploymentPostprocessing = 0;
			shellPath = /bin/sh;
			shellScript = "\"${SRCROOT}/Pods/Target Support Files/Pods-DSCommon/Pods-DSCommon-frameworks.sh\"\n";
			showEnvVarsInLog = 0;
		};
		C437176B522794C058D78DD3 /* 📦 Check Pods Manifest.lock */ = {
			isa = PBXShellScriptBuildPhase;
			buildActionMask = 2147483647;
			files = (
			);
			inputPaths = (
			);
			name = "📦 Check Pods Manifest.lock";
			outputPaths = (
			);
			runOnlyForDeploymentPostprocessing = 0;
			shellPath = /bin/sh;
			shellScript = "diff \"${PODS_ROOT}/../Podfile.lock\" \"${PODS_ROOT}/Manifest.lock\" > /dev/null\nif [[ $? != 0 ]] ; then\n    cat << EOM\nerror: The sandbox is not in sync with the Podfile.lock. Run 'pod install' or update your CocoaPods installation.\nEOM\n    exit 1\nfi\n";
			showEnvVarsInLog = 0;
		};
/* End PBXShellScriptBuildPhase section */

/* Begin PBXSourcesBuildPhase section */
		C6D703BB1C92AC0200F9375D /* Sources */ = {
			isa = PBXSourcesBuildPhase;
			buildActionMask = 2147483647;
			files = (
				C65CAE251D2E332B00AFEB6F /* DSHTTPRequest.m in Sources */,
				C6F666C91CA7BBE5000478C7 /* UIView+DSCapture.m in Sources */,
				C6F666C11CA7BBE5000478C7 /* NSString+DSEncrypt.m in Sources */,
				C654B2B71D6ECA4F0011E9FB /* DSBaseDataModel.m in Sources */,
				C62406BF1D2FA6430029E49C /* DSAnimation.m in Sources */,
				C6D703CA1C92AC0200F9375D /* ViewController.m in Sources */,
				C6F666C51CA7BBE5000478C7 /* UIColor+DSHexColor.m in Sources */,
				C6D703C71C92AC0200F9375D /* AppDelegate.m in Sources */,
				C6766DD31D4853FD004BDDE5 /* DSAttribuateLabel.m in Sources */,
				C629C51D1D645971000B314A /* DSBaseNavigationController.m in Sources */,
				C6F666B21CA7BBBD000478C7 /* DSBaseViewController.m in Sources */,
				C65CAE171D2E096F00AFEB6F /* DSRequest.m in Sources */,
				C627F8511D2CB69A00210620 /* UIImage+DSColorImage.m in Sources */,
				C62406BC1D2FA1D50029E49C /* DSFileManager.m in Sources */,
				C6F666BF1CA7BBE5000478C7 /* DSDevice.m in Sources */,
				C6F666C71CA7BBE5000478C7 /* UIScreen+DSScreenSize.m in Sources */,
				C654B2A61D6E9F960011E9FB /* AppDelegate+DSAppDelegate.m in Sources */,
				C67656AF1D92255000C78814 /* DSTest.c in Sources */,
				C6F666C31CA7BBE5000478C7 /* NSString+DSPredicate.m in Sources */,
				C62360881D2CDF4500C15191 /* UIImage+DSImageColor.m in Sources */,
				C6D703C41C92AC0200F9375D /* main.m in Sources */,
				C62406B51D2F4ED10029E49C /* DSAuthority.m in Sources */,
				C6F8A99B1D90FFF500E2015A /* UIView+DSQRCode.m in Sources */,
				C65CAE1B1D2E098400AFEB6F /* DSResponse.m in Sources */,
				C63A36791D52DADB00B62E0F /* DSShareView.m in Sources */,
				C629C5201D6459FD000B314A /* DSBaseTabBarController.m in Sources */,
				C638C2401CB53FB5000B452C /* NSString+DSURLString.m in Sources */,
				C623608E1D2CE16F00C15191 /* NSMutableArray+DSSort.m in Sources */,
				C6F8A9981D90DDEB00E2015A /* UIImage+DSBlurImage.m in Sources */,
			);
			runOnlyForDeploymentPostprocessing = 0;
		};
/* End PBXSourcesBuildPhase section */

/* Begin PBXVariantGroup section */
		C6D703CB1C92AC0200F9375D /* Main.storyboard */ = {
			isa = PBXVariantGroup;
			children = (
				C6D703CC1C92AC0200F9375D /* Base */,
			);
			name = Main.storyboard;
			sourceTree = "<group>";
		};
		C6D703D01C92AC0300F9375D /* LaunchScreen.storyboard */ = {
			isa = PBXVariantGroup;
			children = (
				C6D703D11C92AC0300F9375D /* Base */,
			);
			name = LaunchScreen.storyboard;
			sourceTree = "<group>";
		};
/* End PBXVariantGroup section */

/* Begin XCBuildConfiguration section */
		C6D703D41C92AC0300F9375D /* Debug */ = {
			isa = XCBuildConfiguration;
			buildSettings = {
				ALWAYS_SEARCH_USER_PATHS = NO;
				CLANG_CXX_LANGUAGE_STANDARD = "gnu++0x";
				CLANG_CXX_LIBRARY = "libc++";
				CLANG_ENABLE_MODULES = YES;
				CLANG_ENABLE_OBJC_ARC = YES;
				CLANG_WARN_BOOL_CONVERSION = YES;
				CLANG_WARN_CONSTANT_CONVERSION = YES;
				CLANG_WARN_DIRECT_OBJC_ISA_USAGE = YES_ERROR;
				CLANG_WARN_EMPTY_BODY = YES;
				CLANG_WARN_ENUM_CONVERSION = YES;
				CLANG_WARN_INFINITE_RECURSION = YES;
				CLANG_WARN_INT_CONVERSION = YES;
				CLANG_WARN_OBJC_ROOT_CLASS = YES_ERROR;
				CLANG_WARN_SUSPICIOUS_MOVE = YES;
				CLANG_WARN_UNREACHABLE_CODE = YES;
				CLANG_WARN__DUPLICATE_METHOD_MATCH = YES;
				"CODE_SIGN_IDENTITY[sdk=iphoneos*]" = "iPhone Developer";
				COPY_PHASE_STRIP = NO;
				DEBUG_INFORMATION_FORMAT = dwarf;
				ENABLE_BITCODE = NO;
				ENABLE_STRICT_OBJC_MSGSEND = YES;
				ENABLE_TESTABILITY = YES;
				GCC_C_LANGUAGE_STANDARD = gnu99;
				GCC_DYNAMIC_NO_PIC = NO;
				GCC_NO_COMMON_BLOCKS = YES;
				GCC_OPTIMIZATION_LEVEL = 0;
				GCC_PREPROCESSOR_DEFINITIONS = (
					"DEBUG=1",
					"$(inherited)",
				);
				GCC_WARN_64_TO_32_BIT_CONVERSION = YES;
				GCC_WARN_ABOUT_RETURN_TYPE = YES_ERROR;
				GCC_WARN_UNDECLARED_SELECTOR = YES;
				GCC_WARN_UNINITIALIZED_AUTOS = YES_AGGRESSIVE;
				GCC_WARN_UNUSED_FUNCTION = YES;
				GCC_WARN_UNUSED_VARIABLE = YES;
				IPHONEOS_DEPLOYMENT_TARGET = 8.2;
				MTL_ENABLE_DEBUG_INFO = YES;
				ONLY_ACTIVE_ARCH = YES;
				SDKROOT = iphoneos;
			};
			name = Debug;
		};
		C6D703D51C92AC0300F9375D /* Release */ = {
			isa = XCBuildConfiguration;
			buildSettings = {
				ALWAYS_SEARCH_USER_PATHS = NO;
				CLANG_CXX_LANGUAGE_STANDARD = "gnu++0x";
				CLANG_CXX_LIBRARY = "libc++";
				CLANG_ENABLE_MODULES = YES;
				CLANG_ENABLE_OBJC_ARC = YES;
				CLANG_WARN_BOOL_CONVERSION = YES;
				CLANG_WARN_CONSTANT_CONVERSION = YES;
				CLANG_WARN_DIRECT_OBJC_ISA_USAGE = YES_ERROR;
				CLANG_WARN_EMPTY_BODY = YES;
				CLANG_WARN_ENUM_CONVERSION = YES;
				CLANG_WARN_INFINITE_RECURSION = YES;
				CLANG_WARN_INT_CONVERSION = YES;
				CLANG_WARN_OBJC_ROOT_CLASS = YES_ERROR;
				CLANG_WARN_SUSPICIOUS_MOVE = YES;
				CLANG_WARN_UNREACHABLE_CODE = YES;
				CLANG_WARN__DUPLICATE_METHOD_MATCH = YES;
				"CODE_SIGN_IDENTITY[sdk=iphoneos*]" = "iPhone Developer";
				COPY_PHASE_STRIP = NO;
				DEBUG_INFORMATION_FORMAT = "dwarf-with-dsym";
				ENABLE_BITCODE = NO;
				ENABLE_NS_ASSERTIONS = NO;
				ENABLE_STRICT_OBJC_MSGSEND = YES;
				GCC_C_LANGUAGE_STANDARD = gnu99;
				GCC_NO_COMMON_BLOCKS = YES;
				GCC_WARN_64_TO_32_BIT_CONVERSION = YES;
				GCC_WARN_ABOUT_RETURN_TYPE = YES_ERROR;
				GCC_WARN_UNDECLARED_SELECTOR = YES;
				GCC_WARN_UNINITIALIZED_AUTOS = YES_AGGRESSIVE;
				GCC_WARN_UNUSED_FUNCTION = YES;
				GCC_WARN_UNUSED_VARIABLE = YES;
				IPHONEOS_DEPLOYMENT_TARGET = 8.2;
				MTL_ENABLE_DEBUG_INFO = NO;
				SDKROOT = iphoneos;
				VALIDATE_PRODUCT = YES;
			};
			name = Release;
		};
		C6D703D71C92AC0300F9375D /* Debug */ = {
			isa = XCBuildConfiguration;
			baseConfigurationReference = 14A5BC22798E291B3F402D36 /* Pods-DSCommon.debug.xcconfig */;
			buildSettings = {
				ASSETCATALOG_COMPILER_APPICON_NAME = AppIcon;
				CLANG_WARN_DIRECT_OBJC_ISA_USAGE = YES_ERROR;
				DEVELOPMENT_TEAM = YKB66Z3T3Q;
				HEADER_SEARCH_PATHS = (
					"$(inherited)",
					"\"${PODS_ROOT}/Headers/Public\"",
					"\"${PODS_ROOT}/Headers/Public/AFNetworking\"",
				);
				INFOPLIST_FILE = DSCommon/Info.plist;
				LD_RUNPATH_SEARCH_PATHS = "$(inherited) @executable_path/Frameworks";
				ONLY_ACTIVE_ARCH = YES;
				PRODUCT_BUNDLE_IDENTIFIER = com.dy.DSCommon;
				PRODUCT_NAME = "$(TARGET_NAME)";
				USER_HEADER_SEARCH_PATHS = "\"$(PODS_ROOT)\"/**";
				VALID_ARCHS = "armv7 armv7s arm64";
			};
			name = Debug;
		};
		C6D703D81C92AC0300F9375D /* Release */ = {
			isa = XCBuildConfiguration;
			baseConfigurationReference = FAFF888257D69539275FF56D /* Pods-DSCommon.release.xcconfig */;
			buildSettings = {
				ASSETCATALOG_COMPILER_APPICON_NAME = AppIcon;
				CLANG_WARN_DIRECT_OBJC_ISA_USAGE = YES_ERROR;
				DEVELOPMENT_TEAM = YKB66Z3T3Q;
				HEADER_SEARCH_PATHS = (
					"$(inherited)",
					"\"${PODS_ROOT}/Headers/Public\"",
					"\"${PODS_ROOT}/Headers/Public/AFNetworking\"",
				);
				INFOPLIST_FILE = DSCommon/Info.plist;
				LD_RUNPATH_SEARCH_PATHS = "$(inherited) @executable_path/Frameworks";
				PRODUCT_BUNDLE_IDENTIFIER = com.dy.DSCommon;
				PRODUCT_NAME = "$(TARGET_NAME)";
				USER_HEADER_SEARCH_PATHS = "\"$(PODS_ROOT)\"/**";
				VALID_ARCHS = "armv7 armv7s arm64";
			};
			name = Release;
		};
/* End XCBuildConfiguration section */

/* Begin XCConfigurationList section */
		C6D703BA1C92AC0200F9375D /* Build configuration list for PBXProject "DSCommon" */ = {
			isa = XCConfigurationList;
			buildConfigurations = (
				C6D703D41C92AC0300F9375D /* Debug */,
				C6D703D51C92AC0300F9375D /* Release */,
			);
			defaultConfigurationIsVisible = 0;
			defaultConfigurationName = Release;
		};
		C6D703D61C92AC0300F9375D /* Build configuration list for PBXNativeTarget "DSCommon" */ = {
			isa = XCConfigurationList;
			buildConfigurations = (
				C6D703D71C92AC0300F9375D /* Debug */,
				C6D703D81C92AC0300F9375D /* Release */,
			);
			defaultConfigurationIsVisible = 0;
			defaultConfigurationName = Release;
		};
/* End XCConfigurationList section */
	};
	rootObject = C6D703B71C92AC0200F9375D /* Project object */;
}
