// !$*UTF8*$!
{
	archiveVersion = 1;
	classes = {
	};
	objectVersion = 46;
	objects = {

/* Begin PBXBuildFile section */
		C63ED6141C98137700990BA5 /* DSDevice.m in Sources */ = {isa = PBXBuildFile; fileRef = C63ED6131C98137700990BA5 /* DSDevice.m */; };
		C67856701C92B07100C88FF0 /* DSBaseViewController.m in Sources */ = {isa = PBXBuildFile; fileRef = C678566F1C92B07100C88FF0 /* DSBaseViewController.m */; };
		C67856731C92B9DE00C88FF0 /* UIScreen+DSScreenSize.m in Sources */ = {isa = PBXBuildFile; fileRef = C67856721C92B9DE00C88FF0 /* UIScreen+DSScreenSize.m */; };
		C67856761C92BAD700C88FF0 /* NSString+DSEncrypt.m in Sources */ = {isa = PBXBuildFile; fileRef = C67856751C92BAD700C88FF0 /* NSString+DSEncrypt.m */; };
		C685CE181CA2D93E00101DBD /* DSBaseViewController.m in Sources */ = {isa = PBXBuildFile; fileRef = C678566F1C92B07100C88FF0 /* DSBaseViewController.m */; };
		C685CE191CA2D94300101DBD /* DSDevice.m in Sources */ = {isa = PBXBuildFile; fileRef = C63ED6131C98137700990BA5 /* DSDevice.m */; };
		C685CE1A1CA2D94300101DBD /* UIColor+DSHexColor.m in Sources */ = {isa = PBXBuildFile; fileRef = C6D703DC1C92ACD500F9375D /* UIColor+DSHexColor.m */; };
		C685CE1B1CA2D94300101DBD /* UIView+DSCapture.m in Sources */ = {isa = PBXBuildFile; fileRef = C6D703DF1C92ACF200F9375D /* UIView+DSCapture.m */; };
		C685CE1C1CA2D94300101DBD /* UIScreen+DSScreenSize.m in Sources */ = {isa = PBXBuildFile; fileRef = C67856721C92B9DE00C88FF0 /* UIScreen+DSScreenSize.m */; };
		C685CE1D1CA2D94300101DBD /* NSString+DSEncrypt.m in Sources */ = {isa = PBXBuildFile; fileRef = C67856751C92BAD700C88FF0 /* NSString+DSEncrypt.m */; };
		C685CE1E1CA2D94300101DBD /* NSString+DSPredicate.m in Sources */ = {isa = PBXBuildFile; fileRef = C6EB46AB1CA2D052002D9D50 /* NSString+DSPredicate.m */; };
		C6D703C41C92AC0200F9375D /* main.m in Sources */ = {isa = PBXBuildFile; fileRef = C6D703C31C92AC0200F9375D /* main.m */; };
		C6D703C71C92AC0200F9375D /* AppDelegate.m in Sources */ = {isa = PBXBuildFile; fileRef = C6D703C61C92AC0200F9375D /* AppDelegate.m */; };
		C6D703CA1C92AC0200F9375D /* ViewController.m in Sources */ = {isa = PBXBuildFile; fileRef = C6D703C91C92AC0200F9375D /* ViewController.m */; };
		C6D703CD1C92AC0200F9375D /* Main.storyboard in Resources */ = {isa = PBXBuildFile; fileRef = C6D703CB1C92AC0200F9375D /* Main.storyboard */; };
		C6D703CF1C92AC0200F9375D /* Assets.xcassets in Resources */ = {isa = PBXBuildFile; fileRef = C6D703CE1C92AC0200F9375D /* Assets.xcassets */; };
		C6D703D21C92AC0300F9375D /* LaunchScreen.storyboard in Resources */ = {isa = PBXBuildFile; fileRef = C6D703D01C92AC0300F9375D /* LaunchScreen.storyboard */; };
		C6D703DD1C92ACD500F9375D /* UIColor+DSHexColor.m in Sources */ = {isa = PBXBuildFile; fileRef = C6D703DC1C92ACD500F9375D /* UIColor+DSHexColor.m */; };
		C6D703E01C92ACF200F9375D /* UIView+DSCapture.m in Sources */ = {isa = PBXBuildFile; fileRef = C6D703DF1C92ACF200F9375D /* UIView+DSCapture.m */; };
		C6EB46AC1CA2D052002D9D50 /* NSString+DSPredicate.m in Sources */ = {isa = PBXBuildFile; fileRef = C6EB46AB1CA2D052002D9D50 /* NSString+DSPredicate.m */; };
/* End PBXBuildFile section */

/* Begin PBXCopyFilesBuildPhase section */
		C685CE0D1CA2D92E00101DBD /* CopyFiles */ = {
			isa = PBXCopyFilesBuildPhase;
			buildActionMask = 2147483647;
			dstPath = "include/$(PRODUCT_NAME)";
			dstSubfolderSpec = 16;
			files = (
			);
			runOnlyForDeploymentPostprocessing = 0;
		};
/* End PBXCopyFilesBuildPhase section */

/* Begin PBXFileReference section */
		C63ED6121C98137700990BA5 /* DSDevice.h */ = {isa = PBXFileReference; fileEncoding = 4; lastKnownFileType = sourcecode.c.h; name = DSDevice.h; path = ../DSCommon/DSDevice.h; sourceTree = "<group>"; };
		C63ED6131C98137700990BA5 /* DSDevice.m */ = {isa = PBXFileReference; fileEncoding = 4; lastKnownFileType = sourcecode.c.objc; name = DSDevice.m; path = ../DSCommon/DSDevice.m; sourceTree = "<group>"; };
		C678566E1C92B07100C88FF0 /* DSBaseViewController.h */ = {isa = PBXFileReference; fileEncoding = 4; lastKnownFileType = sourcecode.c.h; name = DSBaseViewController.h; path = ../DSCommon/DSBaseViewController.h; sourceTree = "<group>"; };
		C678566F1C92B07100C88FF0 /* DSBaseViewController.m */ = {isa = PBXFileReference; fileEncoding = 4; lastKnownFileType = sourcecode.c.objc; name = DSBaseViewController.m; path = ../DSCommon/DSBaseViewController.m; sourceTree = "<group>"; };
		C67856711C92B9DE00C88FF0 /* UIScreen+DSScreenSize.h */ = {isa = PBXFileReference; fileEncoding = 4; lastKnownFileType = sourcecode.c.h; name = "UIScreen+DSScreenSize.h"; path = "../DSCommon/UIScreen+DSScreenSize.h"; sourceTree = "<group>"; };
		C67856721C92B9DE00C88FF0 /* UIScreen+DSScreenSize.m */ = {isa = PBXFileReference; fileEncoding = 4; lastKnownFileType = sourcecode.c.objc; name = "UIScreen+DSScreenSize.m"; path = "../DSCommon/UIScreen+DSScreenSize.m"; sourceTree = "<group>"; };
		C67856741C92BAD700C88FF0 /* NSString+DSEncrypt.h */ = {isa = PBXFileReference; fileEncoding = 4; lastKnownFileType = sourcecode.c.h; name = "NSString+DSEncrypt.h"; path = "../DSCommon/NSString+DSEncrypt.h"; sourceTree = "<group>"; };
		C67856751C92BAD700C88FF0 /* NSString+DSEncrypt.m */ = {isa = PBXFileReference; fileEncoding = 4; lastKnownFileType = sourcecode.c.objc; name = "NSString+DSEncrypt.m"; path = "../DSCommon/NSString+DSEncrypt.m"; sourceTree = "<group>"; };
		C67856771C92BD9B00C88FF0 /* DSCommon.h */ = {isa = PBXFileReference; lastKnownFileType = sourcecode.c.h; name = DSCommon.h; path = ../DSCommon/DSCommon.h; sourceTree = "<group>"; };
		C685CE0F1CA2D92E00101DBD /* libSincereCommon.a */ = {isa = PBXFileReference; explicitFileType = archive.ar; includeInIndex = 0; path = libSincereCommon.a; sourceTree = BUILT_PRODUCTS_DIR; };
		C6D703BF1C92AC0200F9375D /* DSCommon.app */ = {isa = PBXFileReference; explicitFileType = wrapper.application; includeInIndex = 0; path = DSCommon.app; sourceTree = BUILT_PRODUCTS_DIR; };
		C6D703C31C92AC0200F9375D /* main.m */ = {isa = PBXFileReference; lastKnownFileType = sourcecode.c.objc; path = main.m; sourceTree = "<group>"; };
		C6D703C51C92AC0200F9375D /* AppDelegate.h */ = {isa = PBXFileReference; lastKnownFileType = sourcecode.c.h; path = AppDelegate.h; sourceTree = "<group>"; };
		C6D703C61C92AC0200F9375D /* AppDelegate.m */ = {isa = PBXFileReference; lastKnownFileType = sourcecode.c.objc; path = AppDelegate.m; sourceTree = "<group>"; };
		C6D703C81C92AC0200F9375D /* ViewController.h */ = {isa = PBXFileReference; lastKnownFileType = sourcecode.c.h; path = ViewController.h; sourceTree = "<group>"; };
		C6D703C91C92AC0200F9375D /* ViewController.m */ = {isa = PBXFileReference; lastKnownFileType = sourcecode.c.objc; path = ViewController.m; sourceTree = "<group>"; };
		C6D703CC1C92AC0200F9375D /* Base */ = {isa = PBXFileReference; lastKnownFileType = file.storyboard; name = Base; path = Base.lproj/Main.storyboard; sourceTree = "<group>"; };
		C6D703CE1C92AC0200F9375D /* Assets.xcassets */ = {isa = PBXFileReference; lastKnownFileType = folder.assetcatalog; path = Assets.xcassets; sourceTree = "<group>"; };
		C6D703D11C92AC0300F9375D /* Base */ = {isa = PBXFileReference; lastKnownFileType = file.storyboard; name = Base; path = Base.lproj/LaunchScreen.storyboard; sourceTree = "<group>"; };
		C6D703D31C92AC0300F9375D /* Info.plist */ = {isa = PBXFileReference; lastKnownFileType = text.plist.xml; path = Info.plist; sourceTree = "<group>"; };
		C6D703DB1C92ACD500F9375D /* UIColor+DSHexColor.h */ = {isa = PBXFileReference; fileEncoding = 4; lastKnownFileType = sourcecode.c.h; name = "UIColor+DSHexColor.h"; path = "../DSCommon/UIColor+DSHexColor.h"; sourceTree = "<group>"; };
		C6D703DC1C92ACD500F9375D /* UIColor+DSHexColor.m */ = {isa = PBXFileReference; fileEncoding = 4; lastKnownFileType = sourcecode.c.objc; name = "UIColor+DSHexColor.m"; path = "../DSCommon/UIColor+DSHexColor.m"; sourceTree = "<group>"; };
		C6D703DE1C92ACF200F9375D /* UIView+DSCapture.h */ = {isa = PBXFileReference; fileEncoding = 4; lastKnownFileType = sourcecode.c.h; name = "UIView+DSCapture.h"; path = "../DSCommon/UIView+DSCapture.h"; sourceTree = "<group>"; };
		C6D703DF1C92ACF200F9375D /* UIView+DSCapture.m */ = {isa = PBXFileReference; fileEncoding = 4; lastKnownFileType = sourcecode.c.objc; name = "UIView+DSCapture.m"; path = "../DSCommon/UIView+DSCapture.m"; sourceTree = "<group>"; };
		C6EB46AA1CA2D052002D9D50 /* NSString+DSPredicate.h */ = {isa = PBXFileReference; fileEncoding = 4; lastKnownFileType = sourcecode.c.h; name = "NSString+DSPredicate.h"; path = "../DSCommon/NSString+DSPredicate.h"; sourceTree = "<group>"; };
		C6EB46AB1CA2D052002D9D50 /* NSString+DSPredicate.m */ = {isa = PBXFileReference; fileEncoding = 4; lastKnownFileType = sourcecode.c.objc; name = "NSString+DSPredicate.m"; path = "../DSCommon/NSString+DSPredicate.m"; sourceTree = "<group>"; };
/* End PBXFileReference section */

/* Begin PBXFrameworksBuildPhase section */
		C685CE0C1CA2D92E00101DBD /* Frameworks */ = {
			isa = PBXFrameworksBuildPhase;
			buildActionMask = 2147483647;
			files = (
			);
			runOnlyForDeploymentPostprocessing = 0;
		};
		C6D703BC1C92AC0200F9375D /* Frameworks */ = {
			isa = PBXFrameworksBuildPhase;
			buildActionMask = 2147483647;
			files = (
			);
			runOnlyForDeploymentPostprocessing = 0;
		};
/* End PBXFrameworksBuildPhase section */

/* Begin PBXGroup section */
		C685CE101CA2D92E00101DBD /* SincereCommon */ = {
			isa = PBXGroup;
			children = (
				C67856771C92BD9B00C88FF0 /* DSCommon.h */,
				C678566E1C92B07100C88FF0 /* DSBaseViewController.h */,
				C678566F1C92B07100C88FF0 /* DSBaseViewController.m */,
				C63ED6121C98137700990BA5 /* DSDevice.h */,
				C63ED6131C98137700990BA5 /* DSDevice.m */,
				C6D703DB1C92ACD500F9375D /* UIColor+DSHexColor.h */,
				C6D703DC1C92ACD500F9375D /* UIColor+DSHexColor.m */,
				C6D703DE1C92ACF200F9375D /* UIView+DSCapture.h */,
				C6D703DF1C92ACF200F9375D /* UIView+DSCapture.m */,
				C67856711C92B9DE00C88FF0 /* UIScreen+DSScreenSize.h */,
				C67856721C92B9DE00C88FF0 /* UIScreen+DSScreenSize.m */,
				C67856741C92BAD700C88FF0 /* NSString+DSEncrypt.h */,
				C67856751C92BAD700C88FF0 /* NSString+DSEncrypt.m */,
				C6EB46AA1CA2D052002D9D50 /* NSString+DSPredicate.h */,
				C6EB46AB1CA2D052002D9D50 /* NSString+DSPredicate.m */,
			);
			path = SincereCommon;
			sourceTree = "<group>";
		};
		C6D703B61C92AC0200F9375D = {
			isa = PBXGroup;
			children = (
				C6D703C11C92AC0200F9375D /* DSCommon */,
				C685CE101CA2D92E00101DBD /* SincereCommon */,
				C6D703C01C92AC0200F9375D /* Products */,
			);
			sourceTree = "<group>";
		};
		C6D703C01C92AC0200F9375D /* Products */ = {
			isa = PBXGroup;
			children = (
				C6D703BF1C92AC0200F9375D /* DSCommon.app */,
				C685CE0F1CA2D92E00101DBD /* libSincereCommon.a */,
			);
			name = Products;
			sourceTree = "<group>";
		};
		C6D703C11C92AC0200F9375D /* DSCommon */ = {
			isa = PBXGroup;
			children = (
				C6D703C51C92AC0200F9375D /* AppDelegate.h */,
				C6D703C61C92AC0200F9375D /* AppDelegate.m */,
				C6D703C81C92AC0200F9375D /* ViewController.h */,
				C6D703C91C92AC0200F9375D /* ViewController.m */,
				C6D703CB1C92AC0200F9375D /* Main.storyboard */,
				C6D703CE1C92AC0200F9375D /* Assets.xcassets */,
				C6D703D01C92AC0300F9375D /* LaunchScreen.storyboard */,
				C6D703D31C92AC0300F9375D /* Info.plist */,
				C6D703C21C92AC0200F9375D /* Supporting Files */,
			);
			path = DSCommon;
			sourceTree = "<group>";
		};
		C6D703C21C92AC0200F9375D /* Supporting Files */ = {
			isa = PBXGroup;
			children = (
				C6D703C31C92AC0200F9375D /* main.m */,
			);
			name = "Supporting Files";
			sourceTree = "<group>";
		};
/* End PBXGroup section */

/* Begin PBXNativeTarget section */
		C685CE0E1CA2D92E00101DBD /* SincereCommon */ = {
			isa = PBXNativeTarget;
			buildConfigurationList = C685CE171CA2D92E00101DBD /* Build configuration list for PBXNativeTarget "SincereCommon" */;
			buildPhases = (
				C685CE0B1CA2D92E00101DBD /* Sources */,
				C685CE0C1CA2D92E00101DBD /* Frameworks */,
				C685CE0D1CA2D92E00101DBD /* CopyFiles */,
			);
			buildRules = (
			);
			dependencies = (
			);
			name = SincereCommon;
			productName = SincereCommon;
			productReference = C685CE0F1CA2D92E00101DBD /* libSincereCommon.a */;
			productType = "com.apple.product-type.library.static";
		};
		C6D703BE1C92AC0200F9375D /* DSCommon */ = {
			isa = PBXNativeTarget;
			buildConfigurationList = C6D703D61C92AC0300F9375D /* Build configuration list for PBXNativeTarget "DSCommon" */;
			buildPhases = (
				C6D703BB1C92AC0200F9375D /* Sources */,
				C6D703BC1C92AC0200F9375D /* Frameworks */,
				C6D703BD1C92AC0200F9375D /* Resources */,
			);
			buildRules = (
			);
			dependencies = (
			);
			name = DSCommon;
			productName = DSCommon;
			productReference = C6D703BF1C92AC0200F9375D /* DSCommon.app */;
			productType = "com.apple.product-type.application";
		};
/* End PBXNativeTarget section */

/* Begin PBXProject section */
		C6D703B71C92AC0200F9375D /* Project object */ = {
			isa = PBXProject;
			attributes = {
				LastUpgradeCheck = 0720;
				ORGANIZATIONNAME = Sincere;
				TargetAttributes = {
					C685CE0E1CA2D92E00101DBD = {
						CreatedOnToolsVersion = 7.3;
					};
					C6D703BE1C92AC0200F9375D = {
						CreatedOnToolsVersion = 7.2.1;
					};
				};
			};
			buildConfigurationList = C6D703BA1C92AC0200F9375D /* Build configuration list for PBXProject "DSCommon" */;
			compatibilityVersion = "Xcode 3.2";
			developmentRegion = English;
			hasScannedForEncodings = 0;
			knownRegions = (
				en,
				Base,
			);
			mainGroup = C6D703B61C92AC0200F9375D;
			productRefGroup = C6D703C01C92AC0200F9375D /* Products */;
			projectDirPath = "";
			projectRoot = "";
			targets = (
				C6D703BE1C92AC0200F9375D /* DSCommon */,
				C685CE0E1CA2D92E00101DBD /* SincereCommon */,
			);
		};
/* End PBXProject section */

/* Begin PBXResourcesBuildPhase section */
		C6D703BD1C92AC0200F9375D /* Resources */ = {
			isa = PBXResourcesBuildPhase;
			buildActionMask = 2147483647;
			files = (
				C6D703D21C92AC0300F9375D /* LaunchScreen.storyboard in Resources */,
				C6D703CF1C92AC0200F9375D /* Assets.xcassets in Resources */,
				C6D703CD1C92AC0200F9375D /* Main.storyboard in Resources */,
			);
			runOnlyForDeploymentPostprocessing = 0;
		};
/* End PBXResourcesBuildPhase section */

/* Begin PBXSourcesBuildPhase section */
		C685CE0B1CA2D92E00101DBD /* Sources */ = {
			isa = PBXSourcesBuildPhase;
			buildActionMask = 2147483647;
			files = (
				C685CE1B1CA2D94300101DBD /* UIView+DSCapture.m in Sources */,
				C685CE181CA2D93E00101DBD /* DSBaseViewController.m in Sources */,
				C685CE191CA2D94300101DBD /* DSDevice.m in Sources */,
				C685CE1C1CA2D94300101DBD /* UIScreen+DSScreenSize.m in Sources */,
				C685CE1E1CA2D94300101DBD /* NSString+DSPredicate.m in Sources */,
				C685CE1D1CA2D94300101DBD /* NSString+DSEncrypt.m in Sources */,
				C685CE1A1CA2D94300101DBD /* UIColor+DSHexColor.m in Sources */,
			);
			runOnlyForDeploymentPostprocessing = 0;
		};
		C6D703BB1C92AC0200F9375D /* Sources */ = {
			isa = PBXSourcesBuildPhase;
			buildActionMask = 2147483647;
			files = (
				C67856731C92B9DE00C88FF0 /* UIScreen+DSScreenSize.m in Sources */,
				C67856701C92B07100C88FF0 /* DSBaseViewController.m in Sources */,
				C6D703E01C92ACF200F9375D /* UIView+DSCapture.m in Sources */,
				C6EB46AC1CA2D052002D9D50 /* NSString+DSPredicate.m in Sources */,
				C6D703CA1C92AC0200F9375D /* ViewController.m in Sources */,
				C63ED6141C98137700990BA5 /* DSDevice.m in Sources */,
				C6D703C71C92AC0200F9375D /* AppDelegate.m in Sources */,
				C6D703DD1C92ACD500F9375D /* UIColor+DSHexColor.m in Sources */,
				C67856761C92BAD700C88FF0 /* NSString+DSEncrypt.m in Sources */,
				C6D703C41C92AC0200F9375D /* main.m in Sources */,
			);
			runOnlyForDeploymentPostprocessing = 0;
		};
/* End PBXSourcesBuildPhase section */

/* Begin PBXVariantGroup section */
		C6D703CB1C92AC0200F9375D /* Main.storyboard */ = {
			isa = PBXVariantGroup;
			children = (
				C6D703CC1C92AC0200F9375D /* Base */,
			);
			name = Main.storyboard;
			sourceTree = "<group>";
		};
		C6D703D01C92AC0300F9375D /* LaunchScreen.storyboard */ = {
			isa = PBXVariantGroup;
			children = (
				C6D703D11C92AC0300F9375D /* Base */,
			);
			name = LaunchScreen.storyboard;
			sourceTree = "<group>";
		};
/* End PBXVariantGroup section */

/* Begin XCBuildConfiguration section */
		C685CE151CA2D92E00101DBD /* Debug */ = {
			isa = XCBuildConfiguration;
			buildSettings = {
				CLANG_ANALYZER_NONNULL = YES;
				IPHONEOS_DEPLOYMENT_TARGET = 9.3;
				OTHER_LDFLAGS = "-ObjC";
				PRODUCT_NAME = "$(TARGET_NAME)";
				SKIP_INSTALL = YES;
			};
			name = Debug;
		};
		C685CE161CA2D92E00101DBD /* Release */ = {
			isa = XCBuildConfiguration;
			buildSettings = {
				CLANG_ANALYZER_NONNULL = YES;
				IPHONEOS_DEPLOYMENT_TARGET = 9.3;
				OTHER_LDFLAGS = "-ObjC";
				PRODUCT_NAME = "$(TARGET_NAME)";
				SKIP_INSTALL = YES;
			};
			name = Release;
		};
		C6D703D41C92AC0300F9375D /* Debug */ = {
			isa = XCBuildConfiguration;
			buildSettings = {
				ALWAYS_SEARCH_USER_PATHS = NO;
				CLANG_CXX_LANGUAGE_STANDARD = "gnu++0x";
				CLANG_CXX_LIBRARY = "libc++";
				CLANG_ENABLE_MODULES = YES;
				CLANG_ENABLE_OBJC_ARC = YES;
				CLANG_WARN_BOOL_CONVERSION = YES;
				CLANG_WARN_CONSTANT_CONVERSION = YES;
				CLANG_WARN_DIRECT_OBJC_ISA_USAGE = YES_ERROR;
				CLANG_WARN_EMPTY_BODY = YES;
				CLANG_WARN_ENUM_CONVERSION = YES;
				CLANG_WARN_INT_CONVERSION = YES;
				CLANG_WARN_OBJC_ROOT_CLASS = YES_ERROR;
				CLANG_WARN_UNREACHABLE_CODE = YES;
				CLANG_WARN__DUPLICATE_METHOD_MATCH = YES;
				"CODE_SIGN_IDENTITY[sdk=iphoneos*]" = "iPhone Developer";
				COPY_PHASE_STRIP = NO;
				DEBUG_INFORMATION_FORMAT = dwarf;
				ENABLE_STRICT_OBJC_MSGSEND = YES;
				ENABLE_TESTABILITY = YES;
				GCC_C_LANGUAGE_STANDARD = gnu99;
				GCC_DYNAMIC_NO_PIC = NO;
				GCC_NO_COMMON_BLOCKS = YES;
				GCC_OPTIMIZATION_LEVEL = 0;
				GCC_PREPROCESSOR_DEFINITIONS = (
					"DEBUG=1",
					"$(inherited)",
				);
				GCC_WARN_64_TO_32_BIT_CONVERSION = YES;
				GCC_WARN_ABOUT_RETURN_TYPE = YES_ERROR;
				GCC_WARN_UNDECLARED_SELECTOR = YES;
				GCC_WARN_UNINITIALIZED_AUTOS = YES_AGGRESSIVE;
				GCC_WARN_UNUSED_FUNCTION = YES;
				GCC_WARN_UNUSED_VARIABLE = YES;
				IPHONEOS_DEPLOYMENT_TARGET = 8.0;
				MTL_ENABLE_DEBUG_INFO = YES;
				ONLY_ACTIVE_ARCH = YES;
				SDKROOT = iphoneos;
			};
			name = Debug;
		};
		C6D703D51C92AC0300F9375D /* Release */ = {
			isa = XCBuildConfiguration;
			buildSettings = {
				ALWAYS_SEARCH_USER_PATHS = NO;
				CLANG_CXX_LANGUAGE_STANDARD = "gnu++0x";
				CLANG_CXX_LIBRARY = "libc++";
				CLANG_ENABLE_MODULES = YES;
				CLANG_ENABLE_OBJC_ARC = YES;
				CLANG_WARN_BOOL_CONVERSION = YES;
				CLANG_WARN_CONSTANT_CONVERSION = YES;
				CLANG_WARN_DIRECT_OBJC_ISA_USAGE = YES_ERROR;
				CLANG_WARN_EMPTY_BODY = YES;
				CLANG_WARN_ENUM_CONVERSION = YES;
				CLANG_WARN_INT_CONVERSION = YES;
				CLANG_WARN_OBJC_ROOT_CLASS = YES_ERROR;
				CLANG_WARN_UNREACHABLE_CODE = YES;
				CLANG_WARN__DUPLICATE_METHOD_MATCH = YES;
				"CODE_SIGN_IDENTITY[sdk=iphoneos*]" = "iPhone Developer";
				COPY_PHASE_STRIP = NO;
				DEBUG_INFORMATION_FORMAT = "dwarf-with-dsym";
				ENABLE_NS_ASSERTIONS = NO;
				ENABLE_STRICT_OBJC_MSGSEND = YES;
				GCC_C_LANGUAGE_STANDARD = gnu99;
				GCC_NO_COMMON_BLOCKS = YES;
				GCC_WARN_64_TO_32_BIT_CONVERSION = YES;
				GCC_WARN_ABOUT_RETURN_TYPE = YES_ERROR;
				GCC_WARN_UNDECLARED_SELECTOR = YES;
				GCC_WARN_UNINITIALIZED_AUTOS = YES_AGGRESSIVE;
				GCC_WARN_UNUSED_FUNCTION = YES;
				GCC_WARN_UNUSED_VARIABLE = YES;
				IPHONEOS_DEPLOYMENT_TARGET = 8.0;
				MTL_ENABLE_DEBUG_INFO = NO;
				SDKROOT = iphoneos;
				VALIDATE_PRODUCT = YES;
			};
			name = Release;
		};
		C6D703D71C92AC0300F9375D /* Debug */ = {
			isa = XCBuildConfiguration;
			buildSettings = {
				ASSETCATALOG_COMPILER_APPICON_NAME = AppIcon;
				INFOPLIST_FILE = DSCommon/Info.plist;
				LD_RUNPATH_SEARCH_PATHS = "$(inherited) @executable_path/Frameworks";
				PRODUCT_BUNDLE_IDENTIFIER = com.yellfun.DSCommon;
				PRODUCT_NAME = "$(TARGET_NAME)";
			};
			name = Debug;
		};
		C6D703D81C92AC0300F9375D /* Release */ = {
			isa = XCBuildConfiguration;
			buildSettings = {
				ASSETCATALOG_COMPILER_APPICON_NAME = AppIcon;
				INFOPLIST_FILE = DSCommon/Info.plist;
				LD_RUNPATH_SEARCH_PATHS = "$(inherited) @executable_path/Frameworks";
				PRODUCT_BUNDLE_IDENTIFIER = com.yellfun.DSCommon;
				PRODUCT_NAME = "$(TARGET_NAME)";
			};
			name = Release;
		};
/* End XCBuildConfiguration section */

/* Begin XCConfigurationList section */
		C685CE171CA2D92E00101DBD /* Build configuration list for PBXNativeTarget "SincereCommon" */ = {
			isa = XCConfigurationList;
			buildConfigurations = (
				C685CE151CA2D92E00101DBD /* Debug */,
				C685CE161CA2D92E00101DBD /* Release */,
			);
			defaultConfigurationIsVisible = 0;
			defaultConfigurationName = Release;
		};
		C6D703BA1C92AC0200F9375D /* Build configuration list for PBXProject "DSCommon" */ = {
			isa = XCConfigurationList;
			buildConfigurations = (
				C6D703D41C92AC0300F9375D /* Debug */,
				C6D703D51C92AC0300F9375D /* Release */,
			);
			defaultConfigurationIsVisible = 0;
			defaultConfigurationName = Release;
		};
		C6D703D61C92AC0300F9375D /* Build configuration list for PBXNativeTarget "DSCommon" */ = {
			isa = XCConfigurationList;
			buildConfigurations = (
				C6D703D71C92AC0300F9375D /* Debug */,
				C6D703D81C92AC0300F9375D /* Release */,
			);
			defaultConfigurationIsVisible = 0;
			defaultConfigurationName = Release;
		};
/* End XCConfigurationList section */
	};
	rootObject = C6D703B71C92AC0200F9375D /* Project object */;
}
